
Microsoft Visual Studio Solution File, Format Version 12.00
# Visual Studio Version 17
VisualStudioVersion = 17.9.34723.18
MinimumVisualStudioVersion = 10.0.40219.1
Project("{FAE04EC0-301F-11D3-BF4B-00C04F79EFBC}") = "Task2Project", "Task2Project.csproj", "{03384390-DC22-4326-BA95-703E7AE739FA}"
EndProject
Global
	GlobalSection(SolutionConfigurationPlatforms) = preSolution
		Debug|Any CPU = Debug|Any CPU
		Release|Any CPU = Release|Any CPU
	EndGlobalSection
	GlobalSection(ProjectConfigurationPlatforms) = postSolution
		{03384390-DC22-4326-BA95-703E7AE739FA}.Debug|Any CPU.ActiveCfg = Debug|Any CPU
		{03384390-DC22-4326-BA95-703E7AE739FA}.Debug|Any CPU.Build.0 = Debug|Any CPU
		{03384390-DC22-4326-BA95-703E7AE739FA}.Release|Any CPU.ActiveCfg = Release|Any CPU
		{03384390-DC22-4326-BA95-703E7AE739FA}.Release|Any CPU.Build.0 = Release|Any CPU
	EndGlobalSection
	GlobalSection(SolutionProperties) = preSolution
		HideSolutionNode = FALSE
	EndGlobalSection
	GlobalSection(ExtensibilityGlobals) = postSolution
		SolutionGuid = {4FFAC649-0F78-4213-8BBC-815C15414B95}
	EndGlobalSection
EndGlobal
